{
  "nodes": {
    "3mf2stl": {
      "inputs": {
        "nixpkgs": [
          "nixpkgs"
        ]
      },
      "locked": {
        "lastModified": 1770146037,
        "narHash": "sha256-MqRqhEBv8MLor8WcOpD6Ka3Nc5HpZfMF70FmWF2Pd2I=",
        "owner": "0xc000118128",
        "repo": "3mf2stl",
        "rev": "44e07080e42602b1be3e2ff1823c5a973892f60d",
        "type": "github"
      },
      "original": {
        "owner": "0xc000118128",
        "repo": "3mf2stl",
        "type": "github"
      }
    },
    "agenix": {
      "inputs": {
        "darwin": "darwin",
        "home-manager": [
          "home-manager"
        ],
        "nixpkgs": [
          "nixpkgs"
        ],
        "systems": [
          "systems"
        ]
      },
      "locked": {
        "lastModified": 1750173260,
        "narHash": "sha256-9P1FziAwl5+3edkfFcr5HeGtQUtrSdk/MksX39GieoA=",
        "owner": "ryantm",
        "repo": "agenix",
        "rev": "531beac616433bac6f9e2a19feb8e99a22a66baf",
        "type": "github"
      },
      "original": {
        "owner": "ryantm",
        "repo": "agenix",
        "type": "github"
      }
    },
    "aquamarine": {
      "inputs": {
        "hyprutils": [
          "hyprdysmorphic",
          "hyprutils"
        ],
        "hyprwayland-scanner": [
          "hyprdysmorphic",
          "hyprwayland-scanner"
        ],
        "nixpkgs": [
          "hyprdysmorphic",
          "nixpkgs"
        ],
        "systems": [
          "hyprdysmorphic",
          "systems"
        ]
      },
      "locked": {
        "lastModified": 1771610171,
        "narHash": "sha256-+DeInuhbm6a6PpHDNUS7pozDouq2+8xSDefoNaZLW0E=",
        "owner": "hyprwm",
        "repo": "aquamarine",
        "rev": "7f9eb087703ec4acc6b288d02fa9ea3db803cd3d",
        "type": "github"
      },
      "original": {
        "owner": "hyprwm",
        "repo": "aquamarine",
        "type": "github"
      }
    },
    "battery-notifier": {
      "inputs": {
        "nixpkgs": [
          "nixpkgs"
        ],
        "systems": [
          "systems"
        ]
      },
      "locked": {
        "lastModified": 1744603694,
        "narHash": "sha256-bHXlZF3SlK1kkGbV3phVFyDq66mjkPeRfTA4DjLpeWU=",
        "owner": "luisnquin",
        "repo": "battery-notifier",
        "rev": "8c4b7c869db57f200a12516c5df8b03deafb97f1",
        "type": "github"
      },
      "original": {
        "owner": "luisnquin",
        "repo": "battery-notifier",
        "type": "github"
      }
    },
    "black-terminal": {
      "locked": {
        "lastModified": 1771804732,
        "narHash": "sha256-XnXRmItjlBwn+FL+d5EqU5sEUWqjcXiPtKBw+XshjFw=",
        "owner": "luisnquin",
        "repo": "black-terminal",
        "rev": "caf4933851dc127b22ade99fd764c4dc3cf41ef3",
        "type": "github"
      },
      "original": {
        "owner": "luisnquin",
        "repo": "black-terminal",
        "type": "github"
      }
    },
    "darwin": {
      "inputs": {
        "nixpkgs": [
          "agenix",
          "nixpkgs"
        ]
      },
      "locked": {
        "lastModified": 1744478979,
        "narHash": "sha256-dyN+teG9G82G+m+PX/aSAagkC+vUv0SgUw3XkPhQodQ=",
        "owner": "lnl7",
        "repo": "nix-darwin",
        "rev": "43975d782b418ebf4969e9ccba82466728c2851b",
        "type": "github"
      },
      "original": {
        "owner": "lnl7",
        "ref": "master",
        "repo": "nix-darwin",
        "type": "github"
      }
    },
    "disko": {
      "inputs": {
        "nixpkgs": [
          "nixpkgs"
        ]
      },
      "locked": {
        "lastModified": 1758287904,
        "narHash": "sha256-IGmaEf3Do8o5Cwp1kXBN1wQmZwQN3NLfq5t4nHtVtcU=",
        "owner": "nix-community",
        "repo": "disko",
        "rev": "67ff9807dd148e704baadbd4fd783b54282ca627",
        "type": "github"
      },
      "original": {
        "owner": "nix-community",
        "repo": "disko",
        "type": "github"
      }
    },
    "encore": {
      "inputs": {
        "nixpkgs": [
          "nixpkgs"
        ]
      },
      "locked": {
        "lastModified": 1769770608,
        "narHash": "sha256-NixILRHU9kT1p8fsoooHL/MjZleHcrrzvVlotccYzcw=",
        "owner": "encoredev",
        "repo": "encore-flake",
        "rev": "671140d427db9f23b62d9a8c377fef7b4c790d7a",
        "type": "github"
      },
      "original": {
        "owner": "encoredev",
        "repo": "encore-flake",
        "type": "github"
      }
    },
    "flake-parts": {
      "inputs": {
        "nixpkgs-lib": "nixpkgs-lib"
      },
      "locked": {
        "lastModified": 1769996383,
        "narHash": "sha256-AnYjnFWgS49RlqX7LrC4uA+sCCDBj0Ry/WOJ5XWAsa0=",
        "owner": "hercules-ci",
        "repo": "flake-parts",
        "rev": "57928607ea566b5db3ad13af0e57e921e6b12381",
        "type": "github"
      },
      "original": {
        "owner": "hercules-ci",
        "repo": "flake-parts",
        "type": "github"
      }
    },
    "flake-utils": {
      "inputs": {
        "systems": [
          "systems"
        ]
      },
      "locked": {
        "lastModified": 1731533236,
        "narHash": "sha256-l0KFg5HjrsfsO/JpG+r7fRrqm12kzFHyUHqHCVpMMbI=",
        "owner": "numtide",
        "repo": "flake-utils",
        "rev": "11707dc2f618dd54ca8739b309ec4fc024de578b",
        "type": "github"
      },
      "original": {
        "owner": "numtide",
        "repo": "flake-utils",
        "type": "github"
      }
    },
    "ghostty": {
      "inputs": {
        "flake-compat": [],
        "flake-utils": [
          "flake-utils"
        ],
        "home-manager": [
          "home-manager"
        ],
        "nixpkgs": [
          "nixpkgs"
        ],
        "zig": "zig",
        "zon2nix": "zon2nix"
      },
      "locked": {
        "lastModified": 1771168503,
        "narHash": "sha256-CUWJRcnSUgcbcBfJZ4MH1DjT741a9Jflr6552Ph6BP4=",
        "owner": "ghostty-org",
        "repo": "ghostty",
        "rev": "cfcc3aa142f0003662a1729899b604ef8239c464",
        "type": "github"
      },
      "original": {
        "owner": "ghostty-org",
        "ref": "tip",
        "repo": "ghostty",
        "type": "github"
      }
    },
    "grub-themes": {
      "inputs": {
        "flake-utils": [
          "flake-utils"
        ],
        "nixpkgs": [
          "nixpkgs"
        ]
      },
      "locked": {
        "lastModified": 1762304454,
        "narHash": "sha256-7XBXfpnT5F/kVWx2uR9N+OhEmkUwvUzUwzsB+dqwaj8=",
        "owner": "luisnquin",
        "repo": "grub-themes",
        "rev": "38fe2245e3c5c23cf10bbc1d9e2ed17b2069d389",
        "type": "github"
      },
      "original": {
        "owner": "luisnquin",
        "repo": "grub-themes",
        "type": "github"
      }
    },
    "home-manager": {
      "inputs": {
        "nixpkgs": [
          "nixpkgs"
        ]
      },
      "locked": {
        "lastModified": 1771756436,
        "narHash": "sha256-Tl2I0YXdhSTufGqAaD1ySh8x+cvVsEI1mJyJg12lxhI=",
        "owner": "nix-community",
        "repo": "home-manager",
        "rev": "5bd3589390b431a63072868a90c0f24771ff4cbb",
        "type": "github"
      },
      "original": {
        "owner": "nix-community",
        "repo": "home-manager",
        "type": "github"
      }
    },
    "hyprcursor": {
      "inputs": {
        "hyprlang": [
          "hyprdysmorphic",
          "hyprland",
          "hyprlang"
        ],
        "nixpkgs": [
          "hyprdysmorphic",
          "hyprland",
          "nixpkgs"
        ],
        "systems": [
          "hyprdysmorphic",
          "hyprland",
          "systems"
        ]
      },
      "locked": {
        "lastModified": 1753964049,
        "narHash": "sha256-lIqabfBY7z/OANxHoPeIrDJrFyYy9jAM4GQLzZ2feCM=",
        "owner": "hyprwm",
        "repo": "hyprcursor",
        "rev": "44e91d467bdad8dcf8bbd2ac7cf49972540980a5",
        "type": "github"
      },
      "original": {
        "owner": "hyprwm",
        "repo": "hyprcursor",
        "type": "github"
      }
    },
    "hyprdysmorphic": {
      "inputs": {
        "aquamarine": "aquamarine",
        "hyprgraphics": "hyprgraphics",
        "hyprland": "hyprland",
        "hyprlang": "hyprlang",
        "hyprlauncher": "hyprlauncher",
        "hyprtoolkit": "hyprtoolkit",
        "hyprutils": "hyprutils",
        "hyprwayland-scanner": "hyprwayland-scanner",
        "hyprwire": "hyprwire",
        "nixpkgs": [
          "nixpkgs"
        ],
        "systems": [
          "systems"
        ]
      },
      "locked": {
        "lastModified": 1771719188,
        "narHash": "sha256-Z3/NROr0wiDClLEe2RqJdQpyQLbC3Grl0uqczpeD0x0=",
        "owner": "0xc000022070",
        "repo": "hyprdysmorphic",
        "rev": "ce5ca536b878d8991a97bbe3c614ab069bbabe09",
        "type": "github"
      },
      "original": {
        "owner": "0xc000022070",
        "repo": "hyprdysmorphic",
        "type": "github"
      }
    },
    "hyprgraphics": {
      "inputs": {
        "hyprutils": [
          "hyprdysmorphic",
          "hyprutils"
        ],
        "nixpkgs": [
          "hyprdysmorphic",
          "nixpkgs"
        ],
        "systems": [
          "hyprdysmorphic",
          "systems"
        ]
      },
      "locked": {
        "lastModified": 1770511807,
        "narHash": "sha256-suKmSbSk34uPOJDTg/GbPrKEJutzK08vj0VoTvAFBCA=",
        "owner": "hyprwm",
        "repo": "hyprgraphics",
        "rev": "7c75487edd43a71b61adb01cae8326d277aab683",
        "type": "github"
      },
      "original": {
        "owner": "hyprwm",
        "repo": "hyprgraphics",
        "type": "github"
      }
    },
    "hyprland": {
      "inputs": {
        "aquamarine": [
          "hyprdysmorphic",
          "aquamarine"
        ],
        "hyprcursor": "hyprcursor",
        "hyprgraphics": [
          "hyprdysmorphic",
          "hyprgraphics"
        ],
        "hyprland-guiutils": "hyprland-guiutils",
        "hyprland-protocols": "hyprland-protocols",
        "hyprlang": [
          "hyprdysmorphic",
          "hyprlang"
        ],
        "hyprutils": [
          "hyprdysmorphic",
          "hyprutils"
        ],
        "hyprwayland-scanner": [
          "hyprdysmorphic",
          "hyprwayland-scanner"
        ],
        "hyprwire": [
          "hyprdysmorphic",
          "hyprwire"
        ],
        "nixpkgs": [
          "hyprdysmorphic",
          "nixpkgs"
        ],
        "pre-commit-hooks": [
          "hyprdysmorphic"
        ],
        "systems": [
          "hyprdysmorphic",
          "systems"
        ],
        "xdph": "xdph"
      },
      "locked": {
        "lastModified": 1771709711,
        "narHash": "sha256-37NXctBn2p2+7K/dptxXY26J3zBwpsRHGSvfQyQsY/8=",
        "ref": "refs/heads/main",
        "rev": "0eb4755a3ed1980c15453fbe73d4ad36dea5da4b",
        "revCount": 6911,
        "submodules": true,
        "type": "git",
        "url": "https://github.com/hyprwm/Hyprland.git"
      },
      "original": {
        "submodules": true,
        "type": "git",
        "url": "https://github.com/hyprwm/Hyprland.git"
      }
    },
    "hyprland-contrib": {
      "inputs": {
        "nixpkgs": [
          "nixpkgs"
        ]
      },
      "locked": {
        "lastModified": 1768426687,
        "narHash": "sha256-CopNx3j//gZ2mE0ggEK9dZ474UcbDhpTw+KMor8mSxI=",
        "owner": "hyprwm",
        "repo": "contrib",
        "rev": "541628cebe42792ddf5063c4abd6402c2f1bd68f",
        "type": "github"
      },
      "original": {
        "owner": "hyprwm",
        "repo": "contrib",
        "type": "github"
      }
    },
    "hyprland-guiutils": {
      "inputs": {
        "aquamarine": [
          "hyprdysmorphic",
          "hyprland",
          "aquamarine"
        ],
        "hyprgraphics": [
          "hyprdysmorphic",
          "hyprland",
          "hyprgraphics"
        ],
        "hyprlang": [
          "hyprdysmorphic",
          "hyprland",
          "hyprlang"
        ],
        "hyprtoolkit": [
          "hyprdysmorphic",
          "hyprtoolkit"
        ],
        "hyprutils": [
          "hyprdysmorphic",
          "hyprland",
          "hyprutils"
        ],
        "hyprwayland-scanner": [
          "hyprdysmorphic",
          "hyprland",
          "hyprwayland-scanner"
        ],
        "nixpkgs": [
          "hyprdysmorphic",
          "hyprland",
          "nixpkgs"
        ],
        "systems": [
          "hyprdysmorphic",
          "hyprland",
          "systems"
        ]
      },
      "locked": {
        "lastModified": 1767023960,
        "narHash": "sha256-R2HgtVS1G3KSIKAQ77aOZ+Q0HituOmPgXW9nBNkpp3Q=",
        "owner": "hyprwm",
        "repo": "hyprland-guiutils",
        "rev": "c2e906261142f5dd1ee0bfc44abba23e2754c660",
        "type": "github"
      },
      "original": {
        "owner": "hyprwm",
        "repo": "hyprland-guiutils",
        "type": "github"
      }
    },
    "hyprland-protocols": {
      "inputs": {
        "nixpkgs": [
          "hyprdysmorphic",
          "hyprland",
          "nixpkgs"
        ],
        "systems": [
          "hyprdysmorphic",
          "hyprland",
          "systems"
        ]
      },
      "locked": {
        "lastModified": 1765214753,
        "narHash": "sha256-P9zdGXOzToJJgu5sVjv7oeOGPIIwrd9hAUAP3PsmBBs=",
        "owner": "hyprwm",
        "repo": "hyprland-protocols",
        "rev": "3f3860b869014c00e8b9e0528c7b4ddc335c21ab",
        "type": "github"
      },
      "original": {
        "owner": "hyprwm",
        "repo": "hyprland-protocols",
        "type": "github"
      }
    },
    "hyprlang": {
      "inputs": {
        "hyprutils": [
          "hyprdysmorphic",
          "hyprutils"
        ],
        "nixpkgs": [
          "hyprdysmorphic",
          "nixpkgs"
        ],
        "systems": [
          "hyprdysmorphic",
          "systems"
        ]
      },
      "locked": {
        "lastModified": 1767983607,
        "narHash": "sha256-8C2co8NYfR4oMOUEsPROOJ9JHrv9/ktbJJ6X1WsTbXc=",
        "owner": "hyprwm",
        "repo": "hyprlang",
        "rev": "d4037379e6057246b408bbcf796cf3e9838af5b2",
        "type": "github"
      },
      "original": {
        "owner": "hyprwm",
        "repo": "hyprlang",
        "type": "github"
      }
    },
    "hyprlauncher": {
      "inputs": {
        "aquamarine": [
          "hyprdysmorphic",
          "aquamarine"
        ],
        "hyprgraphics": [
          "hyprdysmorphic",
          "hyprgraphics"
        ],
        "hyprlang": [
          "hyprdysmorphic",
          "hyprlang"
        ],
        "hyprtoolkit": [
          "hyprdysmorphic",
          "hyprtoolkit"
        ],
        "hyprutils": [
          "hyprdysmorphic",
          "hyprutils"
        ],
        "hyprwayland-scanner": [
          "hyprdysmorphic",
          "hyprwayland-scanner"
        ],
        "hyprwire": [
          "hyprdysmorphic",
          "hyprwire"
        ],
        "nixpkgs": [
          "hyprdysmorphic",
          "nixpkgs"
        ],
        "systems": [
          "hyprdysmorphic",
          "systems"
        ]
      },
      "locked": {
        "lastModified": 1771611431,
        "narHash": "sha256-FncpWjzXnRvWqGf+aA908Pb5B+YgU6DseWzBxZMjuUM=",
        "owner": "hyprwm",
        "repo": "hyprlauncher",
        "rev": "3b42394da2c47b51767b041d6a0a506d63cb2d9d",
        "type": "github"
      },
      "original": {
        "owner": "hyprwm",
        "repo": "hyprlauncher",
        "type": "github"
      }
    },
    "hyprstfu": {
      "inputs": {
        "flake-utils": [
          "flake-utils"
        ],
        "nixpkgs": [
          "nixpkgs"
        ]
      },
      "locked": {
        "lastModified": 1771047980,
        "narHash": "sha256-25POG8cwTOajMCkynYiPkhQmLYLAZgy/2Dsq3ZeMwp4=",
        "owner": "luisnquin",
        "repo": "hyprstfu",
        "rev": "28b0b52506850f5265715ce64f73330e4c6ea180",
        "type": "github"
      },
      "original": {
        "owner": "luisnquin",
        "repo": "hyprstfu",
        "type": "github"
      }
    },
    "hyprtoolkit": {
      "inputs": {
        "aquamarine": [
          "hyprdysmorphic",
          "aquamarine"
        ],
        "hyprgraphics": [
          "hyprdysmorphic",
          "hyprgraphics"
        ],
        "hyprlang": [
          "hyprdysmorphic",
          "hyprlang"
        ],
        "hyprutils": [
          "hyprdysmorphic",
          "hyprutils"
        ],
        "hyprwayland-scanner": [
          "hyprdysmorphic",
          "hyprwayland-scanner"
        ],
        "nixpkgs": [
          "hyprdysmorphic",
          "nixpkgs"
        ],
        "systems": [
          "hyprdysmorphic",
          "systems"
        ]
      },
      "locked": {
        "lastModified": 1770851985,
        "narHash": "sha256-Ai6UfstKQ2fjR2qFtjt/xgN/O+hfcvLvpmDxLjsWpi8=",
        "owner": "hyprwm",
        "repo": "hyprtoolkit",
        "rev": "971951a7ca662f929173617c71c9ac0e240bd286",
        "type": "github"
      },
      "original": {
        "owner": "hyprwm",
        "repo": "hyprtoolkit",
        "type": "github"
      }
    },
    "hyprutils": {
      "inputs": {
        "nixpkgs": [
          "hyprdysmorphic",
          "nixpkgs"
        ],
        "systems": [
          "hyprdysmorphic",
          "systems"
        ]
      },
      "locked": {
        "lastModified": 1771271487,
        "narHash": "sha256-41gEiUS0Pyw3L/ge1l8MXn61cK14VAhgWB/JV8s/oNI=",
        "owner": "hyprwm",
        "repo": "hyprutils",
        "rev": "340a792e3b3d482c4ae5f66d27a9096bdee6d76d",
        "type": "github"
      },
      "original": {
        "owner": "hyprwm",
        "repo": "hyprutils",
        "type": "github"
      }
    },
    "hyprwayland-scanner": {
      "inputs": {
        "nixpkgs": [
          "hyprdysmorphic",
          "nixpkgs"
        ],
        "systems": [
          "hyprdysmorphic",
          "systems"
        ]
      },
      "locked": {
        "lastModified": 1770501770,
        "narHash": "sha256-NWRM6+YxTRv+bT9yvlhhJ2iLae1B1pNH3mAL5wi2rlQ=",
        "owner": "hyprwm",
        "repo": "hyprwayland-scanner",
        "rev": "0bd8b6cde9ec27d48aad9e5b4deefb3746909d40",
        "type": "github"
      },
      "original": {
        "owner": "hyprwm",
        "repo": "hyprwayland-scanner",
        "type": "github"
      }
    },
    "hyprwire": {
      "inputs": {
        "hyprutils": [
          "hyprdysmorphic",
          "hyprutils"
        ],
        "nixpkgs": [
          "hyprdysmorphic",
          "nixpkgs"
        ],
        "systems": [
          "hyprdysmorphic",
          "systems"
        ]
      },
      "locked": {
        "lastModified": 1771606233,
        "narHash": "sha256-F3PLUqQ/TwgR70U+UeOqJnihJZ2EuunzojYC4g5xHr0=",
        "owner": "hyprwm",
        "repo": "hyprwire",
        "rev": "06c7f1f8c4194786c8400653c4efc49dc14c0f3a",
        "type": "github"
      },
      "original": {
        "owner": "hyprwm",
        "repo": "hyprwire",
        "type": "github"
      }
    },
    "nao": {
      "inputs": {
        "nixpkgs": [
          "nixpkgs"
        ],
        "systems": [
          "systems"
        ]
      },
      "locked": {
        "lastModified": 1727742887,
        "narHash": "sha256-V1lNKQInq851yVnnJOkgIOMeFd74IiUWwNd0CJYjvec=",
        "owner": "luisnquin",
        "repo": "nao",
        "rev": "a7ef4a17e634a4a5e38b840ff5f89467be345973",
        "type": "github"
      },
      "original": {
        "owner": "luisnquin",
        "repo": "nao",
        "type": "github"
      }
    },
    "nix-flatpak": {
      "locked": {
        "lastModified": 1739444422,
        "narHash": "sha256-iAVVHi7X3kWORftY+LVbRiStRnQEob2TULWyjMS6dWg=",
        "owner": "gmodena",
        "repo": "nix-flatpak",
        "rev": "5e54c3ca05a7c7d968ae1ddeabe01d2a9bc1e177",
        "type": "github"
      },
      "original": {
        "owner": "gmodena",
        "ref": "latest",
        "repo": "nix-flatpak",
        "type": "github"
      }
    },
    "nix-index-database": {
      "inputs": {
        "nixpkgs": [
          "nixpkgs"
        ]
      },
      "locked": {
        "lastModified": 1771734689,
        "narHash": "sha256-/phvMgr1yutyAMjKnZlxkVplzxHiz60i4rc+gKzpwhg=",
        "owner": "nix-community",
        "repo": "nix-index-database",
        "rev": "8f590b832326ab9699444f3a48240595954a4b10",
        "type": "github"
      },
      "original": {
        "owner": "nix-community",
        "repo": "nix-index-database",
        "type": "github"
      }
    },
    "nix-nostd": {
      "locked": {
        "lastModified": 1710870712,
        "narHash": "sha256-e+7MJF2gsgTBuOWv4mCimSP0D9+naeFSw9a7N3yEmv4=",
        "owner": "chessai",
        "repo": "nix-std",
        "rev": "31bbc925750cc9d8f828fe55cee1a2bd985e0c00",
        "type": "github"
      },
      "original": {
        "owner": "chessai",
        "repo": "nix-std",
        "type": "github"
      }
    },
    "nix-scripts": {
      "inputs": {
        "flake-utils": [
          "flake-utils"
        ],
        "nixgrep": "nixgrep",
        "nixpkgs": [
          "nixpkgs"
        ],
        "systems": [
          "systems"
        ]
      },
      "locked": {
        "lastModified": 1771827907,
        "narHash": "sha256-p2U/cR0MIFafb3Gmr+vRqe4MFCElRVZ4NotzG+ifn4k=",
        "owner": "0xc000022070",
        "repo": "nix-scripts",
        "rev": "b32f57708e77b7de3e6cb1c20ecde5c304625a0e",
        "type": "github"
      },
      "original": {
        "owner": "0xc000022070",
        "repo": "nix-scripts",
        "type": "github"
      }
    },
    "nixcord": {
      "inputs": {
        "flake-compat": [],
        "flake-parts": "flake-parts",
        "nixpkgs": [
          "nixpkgs"
        ]
      },
      "locked": {
        "lastModified": 1770971055,
        "narHash": "sha256-XYFbDiNsfUKduV0DgV8UYSRey9t9vz/A4ppmzwBW+vQ=",
        "owner": "kaylorben",
        "repo": "nixcord",
        "rev": "77e0320dd37093da79e4f146659c66bb7ae692cc",
        "type": "github"
      },
      "original": {
        "owner": "kaylorben",
        "repo": "nixcord",
        "type": "github"
      }
    },
    "nixgrep": {
      "inputs": {
        "nixpkgs": [
          "nix-scripts",
          "nixpkgs"
        ]
      },
      "locked": {
        "lastModified": 1729458353,
        "narHash": "sha256-4RDoygqGPcAZWnia2B86LOlSrWX/YJb8/c+WWAtJ+d4=",
        "owner": "0xc000022070",
        "repo": "nixgrep",
        "rev": "e24a94d036c440c927a8e946ce3f121f513e8dbb",
        "type": "github"
      },
      "original": {
        "owner": "0xc000022070",
        "repo": "nixgrep",
        "type": "github"
      }
    },
    "nixpkgs": {
      "locked": {
        "lastModified": 1771369470,
        "narHash": "sha256-0NBlEBKkN3lufyvFegY4TYv5mCNHbi5OmBDrzihbBMQ=",
        "owner": "NixOS",
        "repo": "nixpkgs",
        "rev": "0182a361324364ae3f436a63005877674cf45efb",
        "type": "github"
      },
      "original": {
        "id": "nixpkgs",
        "ref": "nixos-unstable",
        "type": "indirect"
      }
    },
    "nixpkgs-extra": {
      "inputs": {
        "flake-utils": [
          "flake-utils"
        ],
        "nixpkgs": [
          "nixpkgs"
        ]
      },
      "locked": {
        "lastModified": 1748698309,
        "narHash": "sha256-63Z1xLOTNtUo3pYNZnK8qWcCjJ8nBSNEltPNuorb4NE=",
        "owner": "0xc000022070",
        "repo": "nixpkgs-extra",
        "rev": "0ddb55c8b16d11893e9b705cf3d31bb50defe905",
        "type": "github"
      },
      "original": {
        "owner": "0xc000022070",
        "repo": "nixpkgs-extra",
        "type": "github"
      }
    },
    "nixpkgs-lib": {
      "locked": {
        "lastModified": 1769909678,
        "narHash": "sha256-cBEymOf4/o3FD5AZnzC3J9hLbiZ+QDT/KDuyHXVJOpM=",
        "owner": "nix-community",
        "repo": "nixpkgs.lib",
        "rev": "72716169fe93074c333e8d0173151350670b824c",
        "type": "github"
      },
      "original": {
        "owner": "nix-community",
        "repo": "nixpkgs.lib",
        "type": "github"
      }
    },
    "passgen": {
      "inputs": {
        "flake-utils": [
          "flake-utils"
        ],
        "nixpkgs": [
          "nixpkgs"
        ]
      },
      "locked": {
        "lastModified": 1722216704,
        "narHash": "sha256-kLk/c9X+4GRvBaPfeH602G7kwx8rVG+F8bQDpZ+WXq8=",
        "owner": "0xc000022070",
        "repo": "passgen",
        "rev": "b9ea90c3fd3a40b0c06b1b342b6746bfa76dc55c",
        "type": "github"
      },
      "original": {
        "owner": "0xc000022070",
        "repo": "passgen",
        "type": "github"
      }
    },
    "root": {
      "inputs": {
        "3mf2stl": "3mf2stl",
        "agenix": "agenix",
        "battery-notifier": "battery-notifier",
        "black-terminal": "black-terminal",
        "disko": "disko",
        "encore": "encore",
        "flake-utils": "flake-utils",
        "ghostty": "ghostty",
        "grub-themes": "grub-themes",
        "home-manager": "home-manager",
        "hyprdysmorphic": "hyprdysmorphic",
        "hyprland-contrib": "hyprland-contrib",
        "hyprstfu": "hyprstfu",
        "nao": "nao",
        "nix-flatpak": "nix-flatpak",
        "nix-index-database": "nix-index-database",
        "nix-nostd": "nix-nostd",
        "nix-scripts": "nix-scripts",
        "nixcord": "nixcord",
        "nixpkgs": "nixpkgs",
        "nixpkgs-extra": "nixpkgs-extra",
        "passgen": "passgen",
        "senv": "senv",
        "spicetify-nix": "spicetify-nix",
        "systems": "systems",
        "zen-browser": "zen-browser",
        "zeroxgen": "zeroxgen"
      }
    },
    "senv": {
      "inputs": {
        "flake-utils": [
          "flake-utils"
        ],
        "nixpkgs": [
          "nixpkgs"
        ]
      },
      "locked": {
        "lastModified": 1752757359,
        "narHash": "sha256-mGoS0ZgVH+mcQszbVGYyV4lis1gPiYbVnYN3Ktr8J2I=",
        "owner": "luisnquin",
        "repo": "senv",
        "rev": "b9ff32a61648f56f2c070aed3e26011760fd726f",
        "type": "github"
      },
      "original": {
        "owner": "luisnquin",
        "repo": "senv",
        "type": "github"
      }
    },
    "spicetify-nix": {
      "inputs": {
        "nixpkgs": [
          "nixpkgs"
        ],
        "systems": [
          "systems"
        ]
      },
      "locked": {
        "lastModified": 1769986820,
        "narHash": "sha256-O9OQ44dk9TJdtRIG828DUI54XdkfZET7AlN1RgTsPis=",
        "owner": "Gerg-L",
        "repo": "spicetify-nix",
        "rev": "68de6434cfaa8983f3775b858b8b76e7c5dbd29c",
        "type": "github"
      },
      "original": {
        "owner": "Gerg-L",
        "repo": "spicetify-nix",
        "type": "github"
      }
    },
    "systems": {
      "locked": {
        "lastModified": 1681028828,
        "narHash": "sha256-Vy1rq5AaRuLzOxct8nz4T6wlgyUR7zLU309k9mBC768=",
        "owner": "nix-systems",
        "repo": "default",
        "rev": "da67096a3b9bf56a91d16901293e51ba5b49a27e",
        "type": "github"
      },
      "original": {
        "owner": "nix-systems",
        "repo": "default",
        "type": "github"
      }
    },
    "xdph": {
      "inputs": {
        "hyprland-protocols": [
          "hyprdysmorphic",
          "hyprland",
          "hyprland-protocols"
        ],
        "hyprlang": [
          "hyprdysmorphic",
          "hyprland",
          "hyprlang"
        ],
        "hyprutils": [
          "hyprdysmorphic",
          "hyprland",
          "hyprutils"
        ],
        "hyprwayland-scanner": [
          "hyprdysmorphic",
          "hyprland",
          "hyprwayland-scanner"
        ],
        "nixpkgs": [
          "hyprdysmorphic",
          "hyprland",
          "nixpkgs"
        ],
        "systems": [
          "hyprdysmorphic",
          "hyprland",
          "systems"
        ]
      },
      "locked": {
        "lastModified": 1761431178,
        "narHash": "sha256-xzjC1CV3+wpUQKNF+GnadnkeGUCJX+vgaWIZsnz9tzI=",
        "owner": "hyprwm",
        "repo": "xdg-desktop-portal-hyprland",
        "rev": "4b8801228ff958d028f588f0c2b911dbf32297f9",
        "type": "github"
      },
      "original": {
        "owner": "hyprwm",
        "repo": "xdg-desktop-portal-hyprland",
        "type": "github"
      }
    },
    "zen-browser": {
      "inputs": {
        "home-manager": [
          "home-manager"
        ],
        "nixpkgs": [
          "nixpkgs"
        ]
      },
      "locked": {
        "lastModified": 1771503632,
        "narHash": "sha256-qvI2afshgl062MRRpal5s76PWFev0Vm1xv4hl2+wT/8=",
        "owner": "0xc000022070",
        "repo": "zen-browser-flake",
        "rev": "48e35b2df995cf65603f447d5d2e30c34e63cd3f",
        "type": "github"
      },
      "original": {
        "owner": "0xc000022070",
        "ref": "beta",
        "repo": "zen-browser-flake",
        "type": "github"
      }
    },
    "zeroxgen": {
      "inputs": {
        "nixpkgs": [
          "nixpkgs"
        ]
      },
      "locked": {
        "lastModified": 1757936158,
        "narHash": "sha256-J5SR+8yi4cO73AU40hgHWGqoKRjyE2WmlfPGuSXOZ1s=",
        "owner": "0xc000022070",
        "repo": "0xgen",
        "rev": "975d26e9c9a2dc03934eb3ef15e81518f9a40e3c",
        "type": "github"
      },
      "original": {
        "owner": "0xc000022070",
        "repo": "0xgen",
        "type": "github"
      }
    },
    "zig": {
      "inputs": {
        "flake-compat": [
          "ghostty",
          "flake-compat"
        ],
        "flake-utils": [
          "ghostty",
          "flake-utils"
        ],
        "nixpkgs": [
          "ghostty",
          "nixpkgs"
        ]
      },
      "locked": {
        "lastModified": 1763295135,
        "narHash": "sha256-sGv/NHCmEnJivguGwB5w8LRmVqr1P72OjS+NzcJsssE=",
        "owner": "mitchellh",
        "repo": "zig-overlay",
        "rev": "64f8b42cfc615b2cf99144adf2b7728c7847c72a",
        "type": "github"
      },
      "original": {
        "owner": "mitchellh",
        "repo": "zig-overlay",
        "type": "github"
      }
    },
    "zon2nix": {
      "inputs": {
        "nixpkgs": [
          "ghostty",
          "nixpkgs"
        ]
      },
      "locked": {
        "lastModified": 1768231828,
        "narHash": "sha256-wL/8Iij4T2OLkhHcc4NieOjf7YeJffaUYbCiCqKv/+0=",
        "owner": "jcollie",
        "repo": "zon2nix",
        "rev": "c28e93f3ba133d4c1b1d65224e2eebede61fd071",
        "type": "github"
      },
      "original": {
        "owner": "jcollie",
        "repo": "zon2nix",
        "rev": "c28e93f3ba133d4c1b1d65224e2eebede61fd071",
        "type": "github"
      }
    }
  },
  "root": "root",
  "version": 7
}
